
Microsoft Visual Studio Solution File, Format Version 12.00
# Visual Studio Version 16
VisualStudioVersion = 16.0.32002.261
MinimumVisualStudioVersion = 10.0.40219.1
Project("{FAE04EC0-301F-11D3-BF4B-00C04F79EFBC}") = "WpfApp1", "WpfApp1\WpfApp1.csproj", "{19F82662-9B80-4A52-B876-8E6FB0C5059D}"
EndProject
Project("{2150E333-8FDC-42A3-9474-1A3956D46DE8}") = "UI", "UI", "{084BF4D1-D7F9-4CF9-BE71-B4504A131ABD}"
EndProject
Project("{2150E333-8FDC-42A3-9474-1A3956D46DE8}") = "BL", "BL", "{6AE1F9BD-8A15-42D8-8DBF-F03E9D4392AC}"
EndProject
Project("{2150E333-8FDC-42A3-9474-1A3956D46DE8}") = "Model", "Model", "{E2880C49-A8E3-4D8F-88F1-74FFD8CA4DC5}"
EndProject
Project("{2150E333-8FDC-42A3-9474-1A3956D46DE8}") = "Repository", "Repository", "{0957C28C-438B-48B1-B2A5-6F293D3749A8}"
EndProject
Project("{2150E333-8FDC-42A3-9474-1A3956D46DE8}") = "VM", "VM", "{AC15AAAE-8856-4497-A169-D0E0BC0C5E3D}"
EndProject
Global
	GlobalSection(SolutionConfigurationPlatforms) = preSolution
		Debug|Any CPU = Debug|Any CPU
		Release|Any CPU = Release|Any CPU
	EndGlobalSection
	GlobalSection(ProjectConfigurationPlatforms) = postSolution
		{19F82662-9B80-4A52-B876-8E6FB0C5059D}.Debug|Any CPU.ActiveCfg = Debug|Any CPU
		{19F82662-9B80-4A52-B876-8E6FB0C5059D}.Debug|Any CPU.Build.0 = Debug|Any CPU
		{19F82662-9B80-4A52-B876-8E6FB0C5059D}.Release|Any CPU.ActiveCfg = Release|Any CPU
		{19F82662-9B80-4A52-B876-8E6FB0C5059D}.Release|Any CPU.Build.0 = Release|Any CPU
	EndGlobalSection
	GlobalSection(SolutionProperties) = preSolution
		HideSolutionNode = FALSE
	EndGlobalSection
	GlobalSection(NestedProjects) = preSolution
		{19F82662-9B80-4A52-B876-8E6FB0C5059D} = {084BF4D1-D7F9-4CF9-BE71-B4504A131ABD}
	EndGlobalSection
	GlobalSection(ExtensibilityGlobals) = postSolution
		SolutionGuid = {0D0DACC4-E3F2-4707-A88B-46AE0F077A93}
	EndGlobalSection
EndGlobal
